<?xml version="1.0" encoding="utf-8"?>
<Project ToolsVersion="4.0" xmlns="http://schemas.microsoft.com/developer/msbuild/2003">
  <ItemGroup>
    <Filter Include="libim">
      <UniqueIdentifier>{5a596ae7-c058-4f2f-8950-0c86633f1c81}</UniqueIdentifier>
    </Filter>
    <Filter Include="util">
      <UniqueIdentifier>{f703ea9a-ae61-4648-b204-82e8a98f3c3e}</UniqueIdentifier>
    </Filter>
    <Filter Include="im">
      <UniqueIdentifier>{a777bfdd-a89b-464b-b94a-b4ae9cae86d6}</UniqueIdentifier>
    </Filter>
    <Filter Include="libim\protocol">
      <UniqueIdentifier>{c512b086-e4fd-4a96-b154-10f451ebe767}</UniqueIdentifier>
    </Filter>
  </ItemGroup>
  <ItemGroup>
    <ClCompile Include="util\char_operation.cpp">
      <Filter>util</Filter>
    </ClCompile>
    <ClCompile Include="util\network.cpp">
      <Filter>util</Filter>
    </ClCompile>
    <ClCompile Include="libim\account.cpp">
      <Filter>libim</Filter>
    </ClCompile>
    <ClCompile Include="libim\blist.cpp">
      <Filter>libim</Filter>
    </ClCompile>
    <ClCompile Include="libim\connection.cpp">
      <Filter>libim</Filter>
    </ClCompile>
    <ClCompile Include="libim\conversation.cpp">
      <Filter>libim</Filter>
    </ClCompile>
    <ClCompile Include="libim\core.cpp">
      <Filter>libim</Filter>
    </ClCompile>
    <ClCompile Include="libim\signal.cpp">
      <Filter>libim</Filter>
    </ClCompile>
    <ClCompile Include="libim\value.cpp">
      <Filter>libim</Filter>
    </ClCompile>
    <ClCompile Include="im\main.cpp">
      <Filter>im</Filter>
    </ClCompile>
    <ClCompile Include="im\mconn.cpp">
      <Filter>im</Filter>
    </ClCompile>
    <ClCompile Include="util\workq.cpp">
      <Filter>util</Filter>
    </ClCompile>
    <ClCompile Include="util\config.cpp">
      <Filter>util</Filter>
    </ClCompile>
    <ClCompile Include="libim\protocol_plugin.cpp">
      <Filter>libim</Filter>
    </ClCompile>
    <ClCompile Include="libim\protocol\eyou.cpp">
      <Filter>libim\protocol</Filter>
    </ClCompile>
  </ItemGroup>
  <ItemGroup>
    <ClInclude Include="util\char_operation.h">
      <Filter>util</Filter>
    </ClInclude>
    <ClInclude Include="util\network.h">
      <Filter>util</Filter>
    </ClInclude>
    <ClInclude Include="libim\account.h">
      <Filter>libim</Filter>
    </ClInclude>
    <ClInclude Include="libim\blist.h">
      <Filter>libim</Filter>
    </ClInclude>
    <ClInclude Include="libim\connection.h">
      <Filter>libim</Filter>
    </ClInclude>
    <ClInclude Include="libim\conversation.h">
      <Filter>libim</Filter>
    </ClInclude>
    <ClInclude Include="libim\core.h">
      <Filter>libim</Filter>
    </ClInclude>
    <ClInclude Include="libim\signal.h">
      <Filter>libim</Filter>
    </ClInclude>
    <ClInclude Include="libim\value.h">
      <Filter>libim</Filter>
    </ClInclude>
    <ClInclude Include="util\error_process.h">
      <Filter>util</Filter>
    </ClInclude>
    <ClInclude Include="im\mconn.h">
      <Filter>im</Filter>
    </ClInclude>
    <ClInclude Include="util\workq.h">
      <Filter>util</Filter>
    </ClInclude>
    <ClInclude Include="util\config.h">
      <Filter>util</Filter>
    </ClInclude>
    <ClInclude Include="util\SimpleIni.h">
      <Filter>util</Filter>
    </ClInclude>
    <ClInclude Include="libim\protocol_plugin.h">
      <Filter>libim</Filter>
    </ClInclude>
    <ClInclude Include="libim\protocol\eyou.h">
      <Filter>libim\protocol</Filter>
    </ClInclude>
  </ItemGroup>
</Project>